// !$*UTF8*$!
{
	archiveVersion = 1;
	classes = {
	};
	objectVersion = 50;
	objects = {

/* Begin PBXBuildFile section */
		0FEB24E4218456560028784B /* CatPerson.swift in Sources */ = {isa = PBXBuildFile; fileRef = 0FEB24E3218456560028784B /* CatPerson.swift */; };
		0FEB24E6218456860028784B /* Cat.swift in Sources */ = {isa = PBXBuildFile; fileRef = 0FEB24E5218456860028784B /* Cat.swift */; };
		0FEB24E9218457A40028784B /* AppConfig.swift in Sources */ = {isa = PBXBuildFile; fileRef = 0FEB24E8218457A40028784B /* AppConfig.swift */; };
		0FEB24EB2184583A0028784B /* Func.swift in Sources */ = {isa = PBXBuildFile; fileRef = 0FEB24EA2184583A0028784B /* Func.swift */; };
		0FEB24EE21845D9D0028784B /* ListCatViewController.swift in Sources */ = {isa = PBXBuildFile; fileRef = 0FEB24ED21845D9D0028784B /* ListCatViewController.swift */; };
		0FEB24F021845DBD0028784B /* Cat.storyboard in Resources */ = {isa = PBXBuildFile; fileRef = 0FEB24EF21845DBD0028784B /* Cat.storyboard */; };
		0FEB24F321845E8B0028784B /* ListCatViewModel.swift in Sources */ = {isa = PBXBuildFile; fileRef = 0FEB24F221845E8B0028784B /* ListCatViewModel.swift */; };
		0FEB24F721845F370028784B /* CatTableViewCell.swift in Sources */ = {isa = PBXBuildFile; fileRef = 0FEB24F521845F370028784B /* CatTableViewCell.swift */; };
		0FEB24F821845F370028784B /* CatTableViewCell.xib in Resources */ = {isa = PBXBuildFile; fileRef = 0FEB24F621845F370028784B /* CatTableViewCell.xib */; };
		0FEB24FA218591800028784B /* CatViewModel.swift in Sources */ = {isa = PBXBuildFile; fileRef = 0FEB24F9218591800028784B /* CatViewModel.swift */; };
		0FEB251B218596660028784B /* BindableType.swift in Sources */ = {isa = PBXBuildFile; fileRef = 0FEB24FF218596660028784B /* BindableType.swift */; };
		0FEB251C218596660028784B /* ErrorTracker.swift in Sources */ = {isa = PBXBuildFile; fileRef = 0FEB2500218596660028784B /* ErrorTracker.swift */; };
		0FEB251D218596660028784B /* ViewModelType+Loadmore.swift in Sources */ = {isa = PBXBuildFile; fileRef = 0FEB2501218596660028784B /* ViewModelType+Loadmore.swift */; };
		0FEB251E218596660028784B /* ActivityIndicator.swift in Sources */ = {isa = PBXBuildFile; fileRef = 0FEB2502218596660028784B /* ActivityIndicator.swift */; };
		0FEB251F218596660028784B /* ViewModelType.swift in Sources */ = {isa = PBXBuildFile; fileRef = 0FEB2503218596660028784B /* ViewModelType.swift */; };
		0FEB2520218596660028784B /* Observable+.swift in Sources */ = {isa = PBXBuildFile; fileRef = 0FEB2505218596660028784B /* Observable+.swift */; };
		0FEB2521218596660028784B /* PagingInfo.swift in Sources */ = {isa = PBXBuildFile; fileRef = 0FEB2507218596660028784B /* PagingInfo.swift */; };
		0FEB2522218596660028784B /* HasID.swift in Sources */ = {isa = PBXBuildFile; fileRef = 0FEB2508218596660028784B /* HasID.swift */; };
		0FEB2523218596660028784B /* LoadMoreCollectionView.swift in Sources */ = {isa = PBXBuildFile; fileRef = 0FEB250B218596660028784B /* LoadMoreCollectionView.swift */; };
		0FEB2524218596660028784B /* RefreshAutoHeader.swift in Sources */ = {isa = PBXBuildFile; fileRef = 0FEB250C218596660028784B /* RefreshAutoHeader.swift */; };
		0FEB2525218596660028784B /* LoadMoreTableView.swift in Sources */ = {isa = PBXBuildFile; fileRef = 0FEB250D218596660028784B /* LoadMoreTableView.swift */; };
		0FEB2526218596660028784B /* RefreshTableView.swift in Sources */ = {isa = PBXBuildFile; fileRef = 0FEB250E218596660028784B /* RefreshTableView.swift */; };
		0FEB2527218596660028784B /* RefreshAutoFooter.swift in Sources */ = {isa = PBXBuildFile; fileRef = 0FEB250F218596660028784B /* RefreshAutoFooter.swift */; };
		0FEB2528218596660028784B /* UIViewController+Debug.swift in Sources */ = {isa = PBXBuildFile; fileRef = 0FEB2510218596660028784B /* UIViewController+Debug.swift */; };
		0FEB25312185A81C0028784B /* ListCatUseCase.swift in Sources */ = {isa = PBXBuildFile; fileRef = 0FEB25302185A81C0028784B /* ListCatUseCase.swift */; };
		3998053E21747979006915D2 /* AppDelegate.swift in Sources */ = {isa = PBXBuildFile; fileRef = 3998053D21747979006915D2 /* AppDelegate.swift */; };
		399805452174797B006915D2 /* Assets.xcassets in Resources */ = {isa = PBXBuildFile; fileRef = 399805442174797B006915D2 /* Assets.xcassets */; };
		399805482174797B006915D2 /* LaunchScreen.storyboard in Resources */ = {isa = PBXBuildFile; fileRef = 399805462174797B006915D2 /* LaunchScreen.storyboard */; };
		399805532174797C006915D2 /* MVVMRxSwiftTests.swift in Sources */ = {isa = PBXBuildFile; fileRef = 399805522174797C006915D2 /* MVVMRxSwiftTests.swift */; };
		3998056021748386006915D2 /* UIViewController+.swift in Sources */ = {isa = PBXBuildFile; fileRef = 3998055F21748386006915D2 /* UIViewController+.swift */; };
		39980567217494C1006915D2 /* User.swift in Sources */ = {isa = PBXBuildFile; fileRef = 39980566217494C1006915D2 /* User.swift */; };
		3998056921749618006915D2 /* LoginViewModel.swift in Sources */ = {isa = PBXBuildFile; fileRef = 3998056821749618006915D2 /* LoginViewModel.swift */; };
		3998056D217496C6006915D2 /* LoginViewController.swift in Sources */ = {isa = PBXBuildFile; fileRef = 3998056C217496C6006915D2 /* LoginViewController.swift */; };
		3998057121749715006915D2 /* Login.storyboard in Resources */ = {isa = PBXBuildFile; fileRef = 3998057021749715006915D2 /* Login.storyboard */; };
		3998057321749729006915D2 /* Storyboards.swift in Sources */ = {isa = PBXBuildFile; fileRef = 3998057221749729006915D2 /* Storyboards.swift */; };
		770E9653068CD326A3B0B28C /* Pods_MVVMRxSwiftTests.framework in Frameworks */ = {isa = PBXBuildFile; fileRef = A91FB91DC78564D5F7A32754 /* Pods_MVVMRxSwiftTests.framework */; };
		871C997F2FD6F9A899BBD92E /* Pods_MVVMRxSwift.framework in Frameworks */ = {isa = PBXBuildFile; fileRef = 3F48FF9D1CA84C92122D344C /* Pods_MVVMRxSwift.framework */; };
/* End PBXBuildFile section */

/* Begin PBXContainerItemProxy section */
		3998054F2174797C006915D2 /* PBXContainerItemProxy */ = {
			isa = PBXContainerItemProxy;
			containerPortal = 3998053221747979006915D2 /* Project object */;
			proxyType = 1;
			remoteGlobalIDString = 3998053921747979006915D2;
			remoteInfo = MVVMRxSwift;
		};
/* End PBXContainerItemProxy section */

/* Begin PBXFileReference section */
		0FEB24E3218456560028784B /* CatPerson.swift */ = {isa = PBXFileReference; lastKnownFileType = sourcecode.swift; path = CatPerson.swift; sourceTree = "<group>"; };
		0FEB24E5218456860028784B /* Cat.swift */ = {isa = PBXFileReference; lastKnownFileType = sourcecode.swift; path = Cat.swift; sourceTree = "<group>"; };
		0FEB24E8218457A40028784B /* AppConfig.swift */ = {isa = PBXFileReference; lastKnownFileType = sourcecode.swift; path = AppConfig.swift; sourceTree = "<group>"; };
		0FEB24EA2184583A0028784B /* Func.swift */ = {isa = PBXFileReference; lastKnownFileType = sourcecode.swift; path = Func.swift; sourceTree = "<group>"; };
		0FEB24ED21845D9D0028784B /* ListCatViewController.swift */ = {isa = PBXFileReference; lastKnownFileType = sourcecode.swift; path = ListCatViewController.swift; sourceTree = "<group>"; };
		0FEB24EF21845DBD0028784B /* Cat.storyboard */ = {isa = PBXFileReference; lastKnownFileType = file.storyboard; path = Cat.storyboard; sourceTree = "<group>"; };
		0FEB24F221845E8B0028784B /* ListCatViewModel.swift */ = {isa = PBXFileReference; lastKnownFileType = sourcecode.swift; path = ListCatViewModel.swift; sourceTree = "<group>"; };
		0FEB24F521845F370028784B /* CatTableViewCell.swift */ = {isa = PBXFileReference; lastKnownFileType = sourcecode.swift; path = CatTableViewCell.swift; sourceTree = "<group>"; };
		0FEB24F621845F370028784B /* CatTableViewCell.xib */ = {isa = PBXFileReference; lastKnownFileType = file.xib; path = CatTableViewCell.xib; sourceTree = "<group>"; };
		0FEB24F9218591800028784B /* CatViewModel.swift */ = {isa = PBXFileReference; lastKnownFileType = sourcecode.swift; path = CatViewModel.swift; sourceTree = "<group>"; };
		0FEB24FF218596660028784B /* BindableType.swift */ = {isa = PBXFileReference; fileEncoding = 4; lastKnownFileType = sourcecode.swift; path = BindableType.swift; sourceTree = "<group>"; };
		0FEB2500218596660028784B /* ErrorTracker.swift */ = {isa = PBXFileReference; fileEncoding = 4; lastKnownFileType = sourcecode.swift; path = ErrorTracker.swift; sourceTree = "<group>"; };
		0FEB2501218596660028784B /* ViewModelType+Loadmore.swift */ = {isa = PBXFileReference; fileEncoding = 4; lastKnownFileType = sourcecode.swift; path = "ViewModelType+Loadmore.swift"; sourceTree = "<group>"; };
		0FEB2502218596660028784B /* ActivityIndicator.swift */ = {isa = PBXFileReference; fileEncoding = 4; lastKnownFileType = sourcecode.swift; path = ActivityIndicator.swift; sourceTree = "<group>"; };
		0FEB2503218596660028784B /* ViewModelType.swift */ = {isa = PBXFileReference; fileEncoding = 4; lastKnownFileType = sourcecode.swift; path = ViewModelType.swift; sourceTree = "<group>"; };
		0FEB2505218596660028784B /* Observable+.swift */ = {isa = PBXFileReference; fileEncoding = 4; lastKnownFileType = sourcecode.swift; path = "Observable+.swift"; sourceTree = "<group>"; };
		0FEB2507218596660028784B /* PagingInfo.swift */ = {isa = PBXFileReference; fileEncoding = 4; lastKnownFileType = sourcecode.swift; path = PagingInfo.swift; sourceTree = "<group>"; };
		0FEB2508218596660028784B /* HasID.swift */ = {isa = PBXFileReference; fileEncoding = 4; lastKnownFileType = sourcecode.swift; path = HasID.swift; sourceTree = "<group>"; };
		0FEB250B218596660028784B /* LoadMoreCollectionView.swift */ = {isa = PBXFileReference; fileEncoding = 4; lastKnownFileType = sourcecode.swift; path = LoadMoreCollectionView.swift; sourceTree = "<group>"; };
		0FEB250C218596660028784B /* RefreshAutoHeader.swift */ = {isa = PBXFileReference; fileEncoding = 4; lastKnownFileType = sourcecode.swift; path = RefreshAutoHeader.swift; sourceTree = "<group>"; };
		0FEB250D218596660028784B /* LoadMoreTableView.swift */ = {isa = PBXFileReference; fileEncoding = 4; lastKnownFileType = sourcecode.swift; path = LoadMoreTableView.swift; sourceTree = "<group>"; };
		0FEB250E218596660028784B /* RefreshTableView.swift */ = {isa = PBXFileReference; fileEncoding = 4; lastKnownFileType = sourcecode.swift; path = RefreshTableView.swift; sourceTree = "<group>"; };
		0FEB250F218596660028784B /* RefreshAutoFooter.swift */ = {isa = PBXFileReference; fileEncoding = 4; lastKnownFileType = sourcecode.swift; path = RefreshAutoFooter.swift; sourceTree = "<group>"; };
		0FEB2510218596660028784B /* UIViewController+Debug.swift */ = {isa = PBXFileReference; fileEncoding = 4; lastKnownFileType = sourcecode.swift; path = "UIViewController+Debug.swift"; sourceTree = "<group>"; };
		0FEB25302185A81C0028784B /* ListCatUseCase.swift */ = {isa = PBXFileReference; lastKnownFileType = sourcecode.swift; path = ListCatUseCase.swift; sourceTree = "<group>"; };
		300D34369A8A770302C0A1FC /* Pods-MVVMRxSwift.release.xcconfig */ = {isa = PBXFileReference; includeInIndex = 1; lastKnownFileType = text.xcconfig; name = "Pods-MVVMRxSwift.release.xcconfig"; path = "Pods/Target Support Files/Pods-MVVMRxSwift/Pods-MVVMRxSwift.release.xcconfig"; sourceTree = "<group>"; };
		3998053A21747979006915D2 /* MVVMRxSwift.app */ = {isa = PBXFileReference; explicitFileType = wrapper.application; includeInIndex = 0; path = MVVMRxSwift.app; sourceTree = BUILT_PRODUCTS_DIR; };
		3998053D21747979006915D2 /* AppDelegate.swift */ = {isa = PBXFileReference; lastKnownFileType = sourcecode.swift; path = AppDelegate.swift; sourceTree = "<group>"; };
		399805442174797B006915D2 /* Assets.xcassets */ = {isa = PBXFileReference; lastKnownFileType = folder.assetcatalog; path = Assets.xcassets; sourceTree = "<group>"; };
		399805472174797B006915D2 /* Base */ = {isa = PBXFileReference; lastKnownFileType = file.storyboard; name = Base; path = Base.lproj/LaunchScreen.storyboard; sourceTree = "<group>"; };
		399805492174797B006915D2 /* Info.plist */ = {isa = PBXFileReference; lastKnownFileType = text.plist.xml; path = Info.plist; sourceTree = "<group>"; };
		3998054E2174797C006915D2 /* MVVMRxSwiftTests.xctest */ = {isa = PBXFileReference; explicitFileType = wrapper.cfbundle; includeInIndex = 0; path = MVVMRxSwiftTests.xctest; sourceTree = BUILT_PRODUCTS_DIR; };
		399805522174797C006915D2 /* MVVMRxSwiftTests.swift */ = {isa = PBXFileReference; lastKnownFileType = sourcecode.swift; path = MVVMRxSwiftTests.swift; sourceTree = "<group>"; };
		399805542174797C006915D2 /* Info.plist */ = {isa = PBXFileReference; lastKnownFileType = text.plist.xml; path = Info.plist; sourceTree = "<group>"; };
		3998055F21748386006915D2 /* UIViewController+.swift */ = {isa = PBXFileReference; lastKnownFileType = sourcecode.swift; path = "UIViewController+.swift"; sourceTree = "<group>"; };
		39980566217494C1006915D2 /* User.swift */ = {isa = PBXFileReference; lastKnownFileType = sourcecode.swift; path = User.swift; sourceTree = "<group>"; };
		3998056821749618006915D2 /* LoginViewModel.swift */ = {isa = PBXFileReference; lastKnownFileType = sourcecode.swift; path = LoginViewModel.swift; sourceTree = "<group>"; };
		3998056C217496C6006915D2 /* LoginViewController.swift */ = {isa = PBXFileReference; lastKnownFileType = sourcecode.swift; path = LoginViewController.swift; sourceTree = "<group>"; };
		3998057021749715006915D2 /* Login.storyboard */ = {isa = PBXFileReference; lastKnownFileType = file.storyboard; path = Login.storyboard; sourceTree = "<group>"; };
		3998057221749729006915D2 /* Storyboards.swift */ = {isa = PBXFileReference; lastKnownFileType = sourcecode.swift; path = Storyboards.swift; sourceTree = "<group>"; };
		39980574217497C2006915D2 /* Bridging-Header.h */ = {isa = PBXFileReference; lastKnownFileType = sourcecode.c.h; path = "Bridging-Header.h"; sourceTree = "<group>"; };
		3F48FF9D1CA84C92122D344C /* Pods_MVVMRxSwift.framework */ = {isa = PBXFileReference; explicitFileType = wrapper.framework; includeInIndex = 0; path = Pods_MVVMRxSwift.framework; sourceTree = BUILT_PRODUCTS_DIR; };
		74ADB75CB4C54B794E8F196D /* Pods-MVVMRxSwiftTests.debug.xcconfig */ = {isa = PBXFileReference; includeInIndex = 1; lastKnownFileType = text.xcconfig; name = "Pods-MVVMRxSwiftTests.debug.xcconfig"; path = "Pods/Target Support Files/Pods-MVVMRxSwiftTests/Pods-MVVMRxSwiftTests.debug.xcconfig"; sourceTree = "<group>"; };
		A91FB91DC78564D5F7A32754 /* Pods_MVVMRxSwiftTests.framework */ = {isa = PBXFileReference; explicitFileType = wrapper.framework; includeInIndex = 0; path = Pods_MVVMRxSwiftTests.framework; sourceTree = BUILT_PRODUCTS_DIR; };
		AA86809B5570DF0A18606AE5 /* Pods-MVVMRxSwift.debug.xcconfig */ = {isa = PBXFileReference; includeInIndex = 1; lastKnownFileType = text.xcconfig; name = "Pods-MVVMRxSwift.debug.xcconfig"; path = "Pods/Target Support Files/Pods-MVVMRxSwift/Pods-MVVMRxSwift.debug.xcconfig"; sourceTree = "<group>"; };
		DC85473D7B9136FB5FE7D34A /* Pods-MVVMRxSwiftTests.release.xcconfig */ = {isa = PBXFileReference; includeInIndex = 1; lastKnownFileType = text.xcconfig; name = "Pods-MVVMRxSwiftTests.release.xcconfig"; path = "Pods/Target Support Files/Pods-MVVMRxSwiftTests/Pods-MVVMRxSwiftTests.release.xcconfig"; sourceTree = "<group>"; };
/* End PBXFileReference section */

/* Begin PBXFrameworksBuildPhase section */
		3998053721747979006915D2 /* Frameworks */ = {
			isa = PBXFrameworksBuildPhase;
			buildActionMask = 2147483647;
			files = (
				871C997F2FD6F9A899BBD92E /* Pods_MVVMRxSwift.framework in Frameworks */,
			);
			runOnlyForDeploymentPostprocessing = 0;
		};
		3998054B2174797C006915D2 /* Frameworks */ = {
			isa = PBXFrameworksBuildPhase;
			buildActionMask = 2147483647;
			files = (
				770E9653068CD326A3B0B28C /* Pods_MVVMRxSwiftTests.framework in Frameworks */,
			);
			runOnlyForDeploymentPostprocessing = 0;
		};
/* End PBXFrameworksBuildPhase section */

/* Begin PBXGroup section */
		0FEB24E7218457860028784B /* Define */ = {
			isa = PBXGroup;
			children = (
				0FEB24E8218457A40028784B /* AppConfig.swift */,
				0FEB24EA2184583A0028784B /* Func.swift */,
			);
			path = Define;
			sourceTree = "<group>";
		};
		0FEB24EC21845D5E0028784B /* ListCat */ = {
			isa = PBXGroup;
			children = (
				0FEB24F421845F1C0028784B /* CatCell */,
				0FEB24ED21845D9D0028784B /* ListCatViewController.swift */,
				0FEB25302185A81C0028784B /* ListCatUseCase.swift */,
			);
			path = ListCat;
			sourceTree = "<group>";
		};
		0FEB24F121845E6F0028784B /* ListCat */ = {
			isa = PBXGroup;
			children = (
				0FEB24F221845E8B0028784B /* ListCatViewModel.swift */,
				0FEB24F9218591800028784B /* CatViewModel.swift */,
			);
			path = ListCat;
			sourceTree = "<group>";
		};
		0FEB24F421845F1C0028784B /* CatCell */ = {
			isa = PBXGroup;
			children = (
				0FEB24F521845F370028784B /* CatTableViewCell.swift */,
				0FEB24F621845F370028784B /* CatTableViewCell.xib */,
			);
			path = CatCell;
			sourceTree = "<group>";
		};
		0FEB24FD218596660028784B /* Architecture */ = {
			isa = PBXGroup;
			children = (
				0FEB24FE218596660028784B /* ViewModel */,
				0FEB2504218596660028784B /* Extensions */,
				0FEB2506218596660028784B /* Model */,
				0FEB2509218596660028784B /* View */,
			);
			path = Architecture;
			sourceTree = "<group>";
		};
		0FEB24FE218596660028784B /* ViewModel */ = {
			isa = PBXGroup;
			children = (
				0FEB24FF218596660028784B /* BindableType.swift */,
				0FEB2500218596660028784B /* ErrorTracker.swift */,
				0FEB2501218596660028784B /* ViewModelType+Loadmore.swift */,
				0FEB2502218596660028784B /* ActivityIndicator.swift */,
				0FEB2503218596660028784B /* ViewModelType.swift */,
			);
			path = ViewModel;
			sourceTree = "<group>";
		};
		0FEB2504218596660028784B /* Extensions */ = {
			isa = PBXGroup;
			children = (
				0FEB2505218596660028784B /* Observable+.swift */,
			);
			path = Extensions;
			sourceTree = "<group>";
		};
		0FEB2506218596660028784B /* Model */ = {
			isa = PBXGroup;
			children = (
				0FEB2507218596660028784B /* PagingInfo.swift */,
				0FEB2508218596660028784B /* HasID.swift */,
			);
			path = Model;
			sourceTree = "<group>";
		};
		0FEB2509218596660028784B /* View */ = {
			isa = PBXGroup;
			children = (
				0FEB250A218596660028784B /* LoadMore */,
				0FEB2510218596660028784B /* UIViewController+Debug.swift */,
			);
			path = View;
			sourceTree = "<group>";
		};
		0FEB250A218596660028784B /* LoadMore */ = {
			isa = PBXGroup;
			children = (
				0FEB250B218596660028784B /* LoadMoreCollectionView.swift */,
				0FEB250C218596660028784B /* RefreshAutoHeader.swift */,
				0FEB250D218596660028784B /* LoadMoreTableView.swift */,
				0FEB250E218596660028784B /* RefreshTableView.swift */,
				0FEB250F218596660028784B /* RefreshAutoFooter.swift */,
			);
			path = LoadMore;
			sourceTree = "<group>";
		};
		3998053121747979006915D2 = {
			isa = PBXGroup;
			children = (
				3998053C21747979006915D2 /* MVVMRxSwift */,
				399805512174797C006915D2 /* MVVMRxSwiftTests */,
				3998053B21747979006915D2 /* Products */,
				92D2819BD5AD5AE0365053F3 /* Pods */,
				B4EBF9B2645A1773C9BD36F5 /* Frameworks */,
			);
			sourceTree = "<group>";
		};
		3998053B21747979006915D2 /* Products */ = {
			isa = PBXGroup;
			children = (
				3998053A21747979006915D2 /* MVVMRxSwift.app */,
				3998054E2174797C006915D2 /* MVVMRxSwiftTests.xctest */,
			);
			name = Products;
			sourceTree = "<group>";
		};
		3998053C21747979006915D2 /* MVVMRxSwift */ = {
			isa = PBXGroup;
			children = (
				0FEB24FD218596660028784B /* Architecture */,
				0FEB24E7218457860028784B /* Define */,
				3998055E21748370006915D2 /* Extensions */,
				39980561217483E9006915D2 /* Core */,
				3998053D21747979006915D2 /* AppDelegate.swift */,
				39980574217497C2006915D2 /* Bridging-Header.h */,
				399805442174797B006915D2 /* Assets.xcassets */,
				399805462174797B006915D2 /* LaunchScreen.storyboard */,
				399805492174797B006915D2 /* Info.plist */,
			);
			path = MVVMRxSwift;
			sourceTree = "<group>";
		};
		399805512174797C006915D2 /* MVVMRxSwiftTests */ = {
			isa = PBXGroup;
			children = (
				399805522174797C006915D2 /* MVVMRxSwiftTests.swift */,
				399805542174797C006915D2 /* Info.plist */,
			);
			path = MVVMRxSwiftTests;
			sourceTree = "<group>";
		};
		3998055E21748370006915D2 /* Extensions */ = {
			isa = PBXGroup;
			children = (
				3998055F21748386006915D2 /* UIViewController+.swift */,
			);
			path = Extensions;
			sourceTree = "<group>";
		};
		39980561217483E9006915D2 /* Core */ = {
			isa = PBXGroup;
			children = (
				399805622174935F006915D2 /* Models */,
				399805632174938F006915D2 /* ViewModels */,
				3998056421749398006915D2 /* Views */,
			);
			path = Core;
			sourceTree = "<group>";
		};
		399805622174935F006915D2 /* Models */ = {
			isa = PBXGroup;
			children = (
				39980566217494C1006915D2 /* User.swift */,
				0FEB24E3218456560028784B /* CatPerson.swift */,
				0FEB24E5218456860028784B /* Cat.swift */,
			);
			path = Models;
			sourceTree = "<group>";
		};
		399805632174938F006915D2 /* ViewModels */ = {
			isa = PBXGroup;
			children = (
				0FEB24F121845E6F0028784B /* ListCat */,
				3998056A21749635006915D2 /* Login */,
			);
			path = ViewModels;
			sourceTree = "<group>";
		};
		3998056421749398006915D2 /* Views */ = {
			isa = PBXGroup;
			children = (
				3998056F217496ED006915D2 /* ViewControllers */,
				3998056E217496DC006915D2 /* Storyboards */,
			);
			path = Views;
			sourceTree = "<group>";
		};
		3998056A21749635006915D2 /* Login */ = {
			isa = PBXGroup;
			children = (
				3998056821749618006915D2 /* LoginViewModel.swift */,
			);
			path = Login;
			sourceTree = "<group>";
		};
		3998056B21749646006915D2 /* Login */ = {
			isa = PBXGroup;
			children = (
				3998056C217496C6006915D2 /* LoginViewController.swift */,
			);
			path = Login;
			sourceTree = "<group>";
		};
		3998056E217496DC006915D2 /* Storyboards */ = {
			isa = PBXGroup;
			children = (
				3998057221749729006915D2 /* Storyboards.swift */,
				3998057021749715006915D2 /* Login.storyboard */,
				0FEB24EF21845DBD0028784B /* Cat.storyboard */,
			);
			path = Storyboards;
			sourceTree = "<group>";
		};
		3998056F217496ED006915D2 /* ViewControllers */ = {
			isa = PBXGroup;
			children = (
				0FEB24EC21845D5E0028784B /* ListCat */,
				3998056B21749646006915D2 /* Login */,
			);
			path = ViewControllers;
			sourceTree = "<group>";
		};
		92D2819BD5AD5AE0365053F3 /* Pods */ = {
			isa = PBXGroup;
			children = (
				AA86809B5570DF0A18606AE5 /* Pods-MVVMRxSwift.debug.xcconfig */,
				300D34369A8A770302C0A1FC /* Pods-MVVMRxSwift.release.xcconfig */,
				74ADB75CB4C54B794E8F196D /* Pods-MVVMRxSwiftTests.debug.xcconfig */,
				DC85473D7B9136FB5FE7D34A /* Pods-MVVMRxSwiftTests.release.xcconfig */,
			);
			name = Pods;
			sourceTree = "<group>";
		};
		B4EBF9B2645A1773C9BD36F5 /* Frameworks */ = {
			isa = PBXGroup;
			children = (
				3F48FF9D1CA84C92122D344C /* Pods_MVVMRxSwift.framework */,
				A91FB91DC78564D5F7A32754 /* Pods_MVVMRxSwiftTests.framework */,
			);
			name = Frameworks;
			sourceTree = "<group>";
		};
/* End PBXGroup section */

/* Begin PBXNativeTarget section */
		3998053921747979006915D2 /* MVVMRxSwift */ = {
			isa = PBXNativeTarget;
			buildConfigurationList = 399805572174797C006915D2 /* Build configuration list for PBXNativeTarget "MVVMRxSwift" */;
			buildPhases = (
				2E120C92819BDF64CE0B71C8 /* [CP] Check Pods Manifest.lock */,
				3998053621747979006915D2 /* Sources */,
				3998053721747979006915D2 /* Frameworks */,
				3998053821747979006915D2 /* Resources */,
				1538D2EE1C4F9DAFFD89F4DC /* [CP] Embed Pods Frameworks */,
				3998055D21747FE4006915D2 /* ShellScript */,
			);
			buildRules = (
			);
			dependencies = (
			);
			name = MVVMRxSwift;
			productName = MVVMRxSwift;
			productReference = 3998053A21747979006915D2 /* MVVMRxSwift.app */;
			productType = "com.apple.product-type.application";
		};
		3998054D2174797C006915D2 /* MVVMRxSwiftTests */ = {
			isa = PBXNativeTarget;
			buildConfigurationList = 3998055A2174797C006915D2 /* Build configuration list for PBXNativeTarget "MVVMRxSwiftTests" */;
			buildPhases = (
				335F5FAC246C53393EC10542 /* [CP] Check Pods Manifest.lock */,
				3998054A2174797C006915D2 /* Sources */,
				3998054B2174797C006915D2 /* Frameworks */,
				3998054C2174797C006915D2 /* Resources */,
				D913B06B91D8B9A7F94B28DD /* [CP] Embed Pods Frameworks */,
			);
			buildRules = (
			);
			dependencies = (
				399805502174797C006915D2 /* PBXTargetDependency */,
			);
			name = MVVMRxSwiftTests;
			productName = MVVMRxSwiftTests;
			productReference = 3998054E2174797C006915D2 /* MVVMRxSwiftTests.xctest */;
			productType = "com.apple.product-type.bundle.unit-test";
		};
/* End PBXNativeTarget section */

/* Begin PBXProject section */
		3998053221747979006915D2 /* Project object */ = {
			isa = PBXProject;
			attributes = {
				LastSwiftUpdateCheck = 1000;
				LastUpgradeCheck = 1000;
				ORGANIZATIONNAME = vu.van.hanh;
				TargetAttributes = {
					3998053921747979006915D2 = {
						CreatedOnToolsVersion = 10.0;
					};
					3998054D2174797C006915D2 = {
						CreatedOnToolsVersion = 10.0;
						TestTargetID = 3998053921747979006915D2;
					};
				};
			};
			buildConfigurationList = 3998053521747979006915D2 /* Build configuration list for PBXProject "MVVMRxSwift" */;
			compatibilityVersion = "Xcode 9.3";
			developmentRegion = en;
			hasScannedForEncodings = 0;
			knownRegions = (
				en,
				Base,
			);
			mainGroup = 3998053121747979006915D2;
			productRefGroup = 3998053B21747979006915D2 /* Products */;
			projectDirPath = "";
			projectRoot = "";
			targets = (
				3998053921747979006915D2 /* MVVMRxSwift */,
				3998054D2174797C006915D2 /* MVVMRxSwiftTests */,
			);
		};
/* End PBXProject section */

/* Begin PBXResourcesBuildPhase section */
		3998053821747979006915D2 /* Resources */ = {
			isa = PBXResourcesBuildPhase;
			buildActionMask = 2147483647;
			files = (
				3998057121749715006915D2 /* Login.storyboard in Resources */,
				0FEB24F821845F370028784B /* CatTableViewCell.xib in Resources */,
				0FEB24F021845DBD0028784B /* Cat.storyboard in Resources */,
				399805482174797B006915D2 /* LaunchScreen.storyboard in Resources */,
				399805452174797B006915D2 /* Assets.xcassets in Resources */,
			);
			runOnlyForDeploymentPostprocessing = 0;
		};
		3998054C2174797C006915D2 /* Resources */ = {
			isa = PBXResourcesBuildPhase;
			buildActionMask = 2147483647;
			files = (
			);
			runOnlyForDeploymentPostprocessing = 0;
		};
/* End PBXResourcesBuildPhase section */

/* Begin PBXShellScriptBuildPhase section */
		1538D2EE1C4F9DAFFD89F4DC /* [CP] Embed Pods Frameworks */ = {
			isa = PBXShellScriptBuildPhase;
			buildActionMask = 2147483647;
			files = (
			);
			inputFileListPaths = (
			);
			inputPaths = (
				"${SRCROOT}/Pods/Target Support Files/Pods-MVVMRxSwift/Pods-MVVMRxSwift-frameworks.sh",
				"${BUILT_PRODUCTS_DIR}/Alamofire/Alamofire.framework",
				"${BUILT_PRODUCTS_DIR}/Differentiator/Differentiator.framework",
				"${BUILT_PRODUCTS_DIR}/MJRefresh/MJRefresh.framework",
				"${BUILT_PRODUCTS_DIR}/NSObject+Rx/NSObject_Rx.framework",
				"${BUILT_PRODUCTS_DIR}/OrderedSet/OrderedSet.framework",
				"${BUILT_PRODUCTS_DIR}/Realm/Realm.framework",
				"${BUILT_PRODUCTS_DIR}/RealmSwift/RealmSwift.framework",
				"${BUILT_PRODUCTS_DIR}/Reusable/Reusable.framework",
				"${BUILT_PRODUCTS_DIR}/RxAlamofire/RxAlamofire.framework",
				"${BUILT_PRODUCTS_DIR}/RxCocoa/RxCocoa.framework",
				"${BUILT_PRODUCTS_DIR}/RxDataSources/RxDataSources.framework",
				"${BUILT_PRODUCTS_DIR}/RxRealm/RxRealm.framework",
				"${BUILT_PRODUCTS_DIR}/RxSwift/RxSwift.framework",
				"${BUILT_PRODUCTS_DIR}/Then/Then.framework",
				"${BUILT_PRODUCTS_DIR}/Validator/Validator.framework",
			);
			name = "[CP] Embed Pods Frameworks";
			outputFileListPaths = (
			);
			outputPaths = (
				"${TARGET_BUILD_DIR}/${FRAMEWORKS_FOLDER_PATH}/Alamofire.framework",
				"${TARGET_BUILD_DIR}/${FRAMEWORKS_FOLDER_PATH}/Differentiator.framework",
				"${TARGET_BUILD_DIR}/${FRAMEWORKS_FOLDER_PATH}/MJRefresh.framework",
				"${TARGET_BUILD_DIR}/${FRAMEWORKS_FOLDER_PATH}/NSObject_Rx.framework",
				"${TARGET_BUILD_DIR}/${FRAMEWORKS_FOLDER_PATH}/OrderedSet.framework",
				"${TARGET_BUILD_DIR}/${FRAMEWORKS_FOLDER_PATH}/Realm.framework",
				"${TARGET_BUILD_DIR}/${FRAMEWORKS_FOLDER_PATH}/RealmSwift.framework",
				"${TARGET_BUILD_DIR}/${FRAMEWORKS_FOLDER_PATH}/Reusable.framework",
				"${TARGET_BUILD_DIR}/${FRAMEWORKS_FOLDER_PATH}/RxAlamofire.framework",
				"${TARGET_BUILD_DIR}/${FRAMEWORKS_FOLDER_PATH}/RxCocoa.framework",
				"${TARGET_BUILD_DIR}/${FRAMEWORKS_FOLDER_PATH}/RxDataSources.framework",
				"${TARGET_BUILD_DIR}/${FRAMEWORKS_FOLDER_PATH}/RxRealm.framework",
				"${TARGET_BUILD_DIR}/${FRAMEWORKS_FOLDER_PATH}/RxSwift.framework",
				"${TARGET_BUILD_DIR}/${FRAMEWORKS_FOLDER_PATH}/Then.framework",
				"${TARGET_BUILD_DIR}/${FRAMEWORKS_FOLDER_PATH}/Validator.framework",
			);
			runOnlyForDeploymentPostprocessing = 0;
			shellPath = /bin/sh;
			shellScript = "\"${SRCROOT}/Pods/Target Support Files/Pods-MVVMRxSwift/Pods-MVVMRxSwift-frameworks.sh\"\n";
			showEnvVarsInLog = 0;
		};
		2E120C92819BDF64CE0B71C8 /* [CP] Check Pods Manifest.lock */ = {
			isa = PBXShellScriptBuildPhase;
			buildActionMask = 2147483647;
			files = (
			);
			inputFileListPaths = (
			);
			inputPaths = (
				"${PODS_PODFILE_DIR_PATH}/Podfile.lock",
				"${PODS_ROOT}/Manifest.lock",
			);
			name = "[CP] Check Pods Manifest.lock";
			outputFileListPaths = (
			);
			outputPaths = (
				"$(DERIVED_FILE_DIR)/Pods-MVVMRxSwift-checkManifestLockResult.txt",
			);
			runOnlyForDeploymentPostprocessing = 0;
			shellPath = /bin/sh;
			shellScript = "diff \"${PODS_PODFILE_DIR_PATH}/Podfile.lock\" \"${PODS_ROOT}/Manifest.lock\" > /dev/null\nif [ $? != 0 ] ; then\n    # print error to STDERR\n    echo \"error: The sandbox is not in sync with the Podfile.lock. Run 'pod install' or update your CocoaPods installation.\" >&2\n    exit 1\nfi\n# This output is used by Xcode 'outputs' to avoid re-running this script phase.\necho \"SUCCESS\" > \"${SCRIPT_OUTPUT_FILE_0}\"\n";
			showEnvVarsInLog = 0;
		};
		335F5FAC246C53393EC10542 /* [CP] Check Pods Manifest.lock */ = {
			isa = PBXShellScriptBuildPhase;
			buildActionMask = 2147483647;
			files = (
			);
			inputFileListPaths = (
			);
			inputPaths = (
				"${PODS_PODFILE_DIR_PATH}/Podfile.lock",
				"${PODS_ROOT}/Manifest.lock",
			);
			name = "[CP] Check Pods Manifest.lock";
			outputFileListPaths = (
			);
			outputPaths = (
				"$(DERIVED_FILE_DIR)/Pods-MVVMRxSwiftTests-checkManifestLockResult.txt",
			);
			runOnlyForDeploymentPostprocessing = 0;
			shellPath = /bin/sh;
			shellScript = "diff \"${PODS_PODFILE_DIR_PATH}/Podfile.lock\" \"${PODS_ROOT}/Manifest.lock\" > /dev/null\nif [ $? != 0 ] ; then\n    # print error to STDERR\n    echo \"error: The sandbox is not in sync with the Podfile.lock. Run 'pod install' or update your CocoaPods installation.\" >&2\n    exit 1\nfi\n# This output is used by Xcode 'outputs' to avoid re-running this script phase.\necho \"SUCCESS\" > \"${SCRIPT_OUTPUT_FILE_0}\"\n";
			showEnvVarsInLog = 0;
		};
		3998055D21747FE4006915D2 /* ShellScript */ = {
			isa = PBXShellScriptBuildPhase;
			buildActionMask = 2147483647;
			files = (
			);
			inputFileListPaths = (
			);
			inputPaths = (
			);
			outputFileListPaths = (
			);
			outputPaths = (
			);
			runOnlyForDeploymentPostprocessing = 0;
			shellPath = /bin/sh;
			shellScript = "# Type a script or drag a script file from your workspace to insert its path.\n${PODS_ROOT}/SwiftLint/swiftlint\n";
		};
		D913B06B91D8B9A7F94B28DD /* [CP] Embed Pods Frameworks */ = {
			isa = PBXShellScriptBuildPhase;
			buildActionMask = 2147483647;
			files = (
			);
			inputFileListPaths = (
			);
			inputPaths = (
				"${SRCROOT}/Pods/Target Support Files/Pods-MVVMRxSwiftTests/Pods-MVVMRxSwiftTests-frameworks.sh",
				"${BUILT_PRODUCTS_DIR}/RxSwift/RxSwift.framework",
				"${BUILT_PRODUCTS_DIR}/RxBlocking/RxBlocking.framework",
			);
			name = "[CP] Embed Pods Frameworks";
			outputFileListPaths = (
			);
			outputPaths = (
				"${TARGET_BUILD_DIR}/${FRAMEWORKS_FOLDER_PATH}/RxSwift.framework",
				"${TARGET_BUILD_DIR}/${FRAMEWORKS_FOLDER_PATH}/RxBlocking.framework",
			);
			runOnlyForDeploymentPostprocessing = 0;
			shellPath = /bin/sh;
			shellScript = "\"${SRCROOT}/Pods/Target Support Files/Pods-MVVMRxSwiftTests/Pods-MVVMRxSwiftTests-frameworks.sh\"\n";
			showEnvVarsInLog = 0;
		};
/* End PBXShellScriptBuildPhase section */

/* Begin PBXSourcesBuildPhase section */
		3998053621747979006915D2 /* Sources */ = {
			isa = PBXSourcesBuildPhase;
			buildActionMask = 2147483647;
			files = (
				0FEB2525218596660028784B /* LoadMoreTableView.swift in Sources */,
				0FEB24E9218457A40028784B /* AppConfig.swift in Sources */,
				0FEB25312185A81C0028784B /* ListCatUseCase.swift in Sources */,
				0FEB24FA218591800028784B /* CatViewModel.swift in Sources */,
				0FEB24F321845E8B0028784B /* ListCatViewModel.swift in Sources */,
				0FEB2524218596660028784B /* RefreshAutoHeader.swift in Sources */,
				0FEB251C218596660028784B /* ErrorTracker.swift in Sources */,
				0FEB24F721845F370028784B /* CatTableViewCell.swift in Sources */,
				0FEB2526218596660028784B /* RefreshTableView.swift in Sources */,
				0FEB251B218596660028784B /* BindableType.swift in Sources */,
				3998056D217496C6006915D2 /* LoginViewController.swift in Sources */,
				39980567217494C1006915D2 /* User.swift in Sources */,
				0FEB2523218596660028784B /* LoadMoreCollectionView.swift in Sources */,
				0FEB2520218596660028784B /* Observable+.swift in Sources */,
				3998053E21747979006915D2 /* AppDelegate.swift in Sources */,
				0FEB251D218596660028784B /* ViewModelType+Loadmore.swift in Sources */,
				0FEB24EE21845D9D0028784B /* ListCatViewController.swift in Sources */,
				3998056921749618006915D2 /* LoginViewModel.swift in Sources */,
				0FEB24E6218456860028784B /* Cat.swift in Sources */,
				0FEB2521218596660028784B /* PagingInfo.swift in Sources */,
				0FEB24E4218456560028784B /* CatPerson.swift in Sources */,
				0FEB2527218596660028784B /* RefreshAutoFooter.swift in Sources */,
				3998056021748386006915D2 /* UIViewController+.swift in Sources */,
				0FEB2528218596660028784B /* UIViewController+Debug.swift in Sources */,
				3998057321749729006915D2 /* Storyboards.swift in Sources */,
				0FEB251F218596660028784B /* ViewModelType.swift in Sources */,
				0FEB251E218596660028784B /* ActivityIndicator.swift in Sources */,
				0FEB24EB2184583A0028784B /* Func.swift in Sources */,
				0FEB2522218596660028784B /* HasID.swift in Sources */,
			);
			runOnlyForDeploymentPostprocessing = 0;
		};
		3998054A2174797C006915D2 /* Sources */ = {
			isa = PBXSourcesBuildPhase;
			buildActionMask = 2147483647;
			files = (
				399805532174797C006915D2 /* MVVMRxSwiftTests.swift in Sources */,
			);
			runOnlyForDeploymentPostprocessing = 0;
		};
/* End PBXSourcesBuildPhase section */

/* Begin PBXTargetDependency section */
		399805502174797C006915D2 /* PBXTargetDependency */ = {
			isa = PBXTargetDependency;
			target = 3998053921747979006915D2 /* MVVMRxSwift */;
			targetProxy = 3998054F2174797C006915D2 /* PBXContainerItemProxy */;
		};
/* End PBXTargetDependency section */

/* Begin PBXVariantGroup section */
		399805462174797B006915D2 /* LaunchScreen.storyboard */ = {
			isa = PBXVariantGroup;
			children = (
				399805472174797B006915D2 /* Base */,
			);
			name = LaunchScreen.storyboard;
			sourceTree = "<group>";
		};
/* End PBXVariantGroup section */

/* Begin XCBuildConfiguration section */
		399805552174797C006915D2 /* Debug */ = {
			isa = XCBuildConfiguration;
			buildSettings = {
				ALWAYS_SEARCH_USER_PATHS = NO;
				CLANG_ANALYZER_NONNULL = YES;
				CLANG_ANALYZER_NUMBER_OBJECT_CONVERSION = YES_AGGRESSIVE;
				CLANG_CXX_LANGUAGE_STANDARD = "gnu++14";
				CLANG_CXX_LIBRARY = "libc++";
				CLANG_ENABLE_MODULES = YES;
				CLANG_ENABLE_OBJC_ARC = YES;
				CLANG_ENABLE_OBJC_WEAK = YES;
				CLANG_WARN_BLOCK_CAPTURE_AUTORELEASING = YES;
				CLANG_WARN_BOOL_CONVERSION = YES;
				CLANG_WARN_COMMA = YES;
				CLANG_WARN_CONSTANT_CONVERSION = YES;
				CLANG_WARN_DEPRECATED_OBJC_IMPLEMENTATIONS = YES;
				CLANG_WARN_DIRECT_OBJC_ISA_USAGE = YES_ERROR;
				CLANG_WARN_DOCUMENTATION_COMMENTS = YES;
				CLANG_WARN_EMPTY_BODY = YES;
				CLANG_WARN_ENUM_CONVERSION = YES;
				CLANG_WARN_INFINITE_RECURSION = YES;
				CLANG_WARN_INT_CONVERSION = YES;
				CLANG_WARN_NON_LITERAL_NULL_CONVERSION = YES;
				CLANG_WARN_OBJC_IMPLICIT_RETAIN_SELF = YES;
				CLANG_WARN_OBJC_LITERAL_CONVERSION = YES;
				CLANG_WARN_OBJC_ROOT_CLASS = YES_ERROR;
				CLANG_WARN_RANGE_LOOP_ANALYSIS = YES;
				CLANG_WARN_STRICT_PROTOTYPES = YES;
				CLANG_WARN_SUSPICIOUS_MOVE = YES;
				CLANG_WARN_UNGUARDED_AVAILABILITY = YES_AGGRESSIVE;
				CLANG_WARN_UNREACHABLE_CODE = YES;
				CLANG_WARN__DUPLICATE_METHOD_MATCH = YES;
				CODE_SIGN_IDENTITY = "iPhone Developer";
				COPY_PHASE_STRIP = NO;
				DEBUG_INFORMATION_FORMAT = dwarf;
				ENABLE_STRICT_OBJC_MSGSEND = YES;
				ENABLE_TESTABILITY = YES;
				GCC_C_LANGUAGE_STANDARD = gnu11;
				GCC_DYNAMIC_NO_PIC = NO;
				GCC_NO_COMMON_BLOCKS = YES;
				GCC_OPTIMIZATION_LEVEL = 0;
				GCC_PREPROCESSOR_DEFINITIONS = (
					"DEBUG=1",
					"$(inherited)",
				);
				GCC_WARN_64_TO_32_BIT_CONVERSION = YES;
				GCC_WARN_ABOUT_RETURN_TYPE = YES_ERROR;
				GCC_WARN_UNDECLARED_SELECTOR = YES;
				GCC_WARN_UNINITIALIZED_AUTOS = YES_AGGRESSIVE;
				GCC_WARN_UNUSED_FUNCTION = YES;
				GCC_WARN_UNUSED_VARIABLE = YES;
				IPHONEOS_DEPLOYMENT_TARGET = 12.0;
				MTL_ENABLE_DEBUG_INFO = INCLUDE_SOURCE;
				MTL_FAST_MATH = YES;
				ONLY_ACTIVE_ARCH = YES;
				SDKROOT = iphoneos;
				SWIFT_ACTIVE_COMPILATION_CONDITIONS = DEBUG;
				SWIFT_OPTIMIZATION_LEVEL = "-Onone";
			};
			name = Debug;
		};
		399805562174797C006915D2 /* Release */ = {
			isa = XCBuildConfiguration;
			buildSettings = {
				ALWAYS_SEARCH_USER_PATHS = NO;
				CLANG_ANALYZER_NONNULL = YES;
				CLANG_ANALYZER_NUMBER_OBJECT_CONVERSION = YES_AGGRESSIVE;
				CLANG_CXX_LANGUAGE_STANDARD = "gnu++14";
				CLANG_CXX_LIBRARY = "libc++";
				CLANG_ENABLE_MODULES = YES;
				CLANG_ENABLE_OBJC_ARC = YES;
				CLANG_ENABLE_OBJC_WEAK = YES;
				CLANG_WARN_BLOCK_CAPTURE_AUTORELEASING = YES;
				CLANG_WARN_BOOL_CONVERSION = YES;
				CLANG_WARN_COMMA = YES;
				CLANG_WARN_CONSTANT_CONVERSION = YES;
				CLANG_WARN_DEPRECATED_OBJC_IMPLEMENTATIONS = YES;
				CLANG_WARN_DIRECT_OBJC_ISA_USAGE = YES_ERROR;
				CLANG_WARN_DOCUMENTATION_COMMENTS = YES;
				CLANG_WARN_EMPTY_BODY = YES;
				CLANG_WARN_ENUM_CONVERSION = YES;
				CLANG_WARN_INFINITE_RECURSION = YES;
				CLANG_WARN_INT_CONVERSION = YES;
				CLANG_WARN_NON_LITERAL_NULL_CONVERSION = YES;
				CLANG_WARN_OBJC_IMPLICIT_RETAIN_SELF = YES;
				CLANG_WARN_OBJC_LITERAL_CONVERSION = YES;
				CLANG_WARN_OBJC_ROOT_CLASS = YES_ERROR;
				CLANG_WARN_RANGE_LOOP_ANALYSIS = YES;
				CLANG_WARN_STRICT_PROTOTYPES = YES;
				CLANG_WARN_SUSPICIOUS_MOVE = YES;
				CLANG_WARN_UNGUARDED_AVAILABILITY = YES_AGGRESSIVE;
				CLANG_WARN_UNREACHABLE_CODE = YES;
				CLANG_WARN__DUPLICATE_METHOD_MATCH = YES;
				CODE_SIGN_IDENTITY = "iPhone Developer";
				COPY_PHASE_STRIP = NO;
				DEBUG_INFORMATION_FORMAT = "dwarf-with-dsym";
				ENABLE_NS_ASSERTIONS = NO;
				ENABLE_STRICT_OBJC_MSGSEND = YES;
				GCC_C_LANGUAGE_STANDARD = gnu11;
				GCC_NO_COMMON_BLOCKS = YES;
				GCC_WARN_64_TO_32_BIT_CONVERSION = YES;
				GCC_WARN_ABOUT_RETURN_TYPE = YES_ERROR;
				GCC_WARN_UNDECLARED_SELECTOR = YES;
				GCC_WARN_UNINITIALIZED_AUTOS = YES_AGGRESSIVE;
				GCC_WARN_UNUSED_FUNCTION = YES;
				GCC_WARN_UNUSED_VARIABLE = YES;
				IPHONEOS_DEPLOYMENT_TARGET = 12.0;
				MTL_ENABLE_DEBUG_INFO = NO;
				MTL_FAST_MATH = YES;
				SDKROOT = iphoneos;
				SWIFT_COMPILATION_MODE = wholemodule;
				SWIFT_OPTIMIZATION_LEVEL = "-O";
				VALIDATE_PRODUCT = YES;
			};
			name = Release;
		};
		399805582174797C006915D2 /* Debug */ = {
			isa = XCBuildConfiguration;
			baseConfigurationReference = AA86809B5570DF0A18606AE5 /* Pods-MVVMRxSwift.debug.xcconfig */;
			buildSettings = {
				ASSETCATALOG_COMPILER_APPICON_NAME = AppIcon;
				CODE_SIGN_STYLE = Automatic;
				INFOPLIST_FILE = MVVMRxSwift/Info.plist;
				IPHONEOS_DEPLOYMENT_TARGET = 10.0;
				LD_RUNPATH_SEARCH_PATHS = (
					"$(inherited)",
					"@executable_path/Frameworks",
				);
				PRODUCT_BUNDLE_IDENTIFIER = com.framgia.MVVMRxSwift;
				PRODUCT_NAME = "$(TARGET_NAME)";
				SWIFT_OBJC_BRIDGING_HEADER = "MVVMRxSwift/Bridging-Header.h";
				SWIFT_VERSION = 4.2;
				TARGETED_DEVICE_FAMILY = "1,2";
			};
			name = Debug;
		};
		399805592174797C006915D2 /* Release */ = {
			isa = XCBuildConfiguration;
			baseConfigurationReference = 300D34369A8A770302C0A1FC /* Pods-MVVMRxSwift.release.xcconfig */;
			buildSettings = {
				ASSETCATALOG_COMPILER_APPICON_NAME = AppIcon;
				CODE_SIGN_STYLE = Automatic;
				INFOPLIST_FILE = MVVMRxSwift/Info.plist;
				IPHONEOS_DEPLOYMENT_TARGET = 10.0;
				LD_RUNPATH_SEARCH_PATHS = (
					"$(inherited)",
					"@executable_path/Frameworks",
				);
				PRODUCT_BUNDLE_IDENTIFIER = com.framgia.MVVMRxSwift;
				PRODUCT_NAME = "$(TARGET_NAME)";
				SWIFT_OBJC_BRIDGING_HEADER = "MVVMRxSwift/Bridging-Header.h";
				SWIFT_VERSION = 4.2;
				TARGETED_DEVICE_FAMILY = "1,2";
			};
			name = Release;
		};
		3998055B2174797C006915D2 /* Debug */ = {
			isa = XCBuildConfiguration;
			baseConfigurationReference = 74ADB75CB4C54B794E8F196D /* Pods-MVVMRxSwiftTests.debug.xcconfig */;
			buildSettings = {
				ALWAYS_EMBED_SWIFT_STANDARD_LIBRARIES = YES;
				BUNDLE_LOADER = "$(TEST_HOST)";
				CODE_SIGN_STYLE = Automatic;
				INFOPLIST_FILE = MVVMRxSwiftTests/Info.plist;
				LD_RUNPATH_SEARCH_PATHS = (
					"$(inherited)",
					"@executable_path/Frameworks",
					"@loader_path/Frameworks",
				);
				PRODUCT_BUNDLE_IDENTIFIER = com.framgia.MVVMRxSwiftTests;
				PRODUCT_NAME = "$(TARGET_NAME)";
				SWIFT_VERSION = 4.2;
				TARGETED_DEVICE_FAMILY = "1,2";
				TEST_HOST = "$(BUILT_PRODUCTS_DIR)/MVVMRxSwift.app/MVVMRxSwift";
			};
			name = Debug;
		};
		3998055C2174797C006915D2 /* Release */ = {
			isa = XCBuildConfiguration;
			baseConfigurationReference = DC85473D7B9136FB5FE7D34A /* Pods-MVVMRxSwiftTests.release.xcconfig */;
			buildSettings = {
				ALWAYS_EMBED_SWIFT_STANDARD_LIBRARIES = YES;
				BUNDLE_LOADER = "$(TEST_HOST)";
				CODE_SIGN_STYLE = Automatic;
				INFOPLIST_FILE = MVVMRxSwiftTests/Info.plist;
				LD_RUNPATH_SEARCH_PATHS = (
					"$(inherited)",
					"@executable_path/Frameworks",
					"@loader_path/Frameworks",
				);
				PRODUCT_BUNDLE_IDENTIFIER = com.framgia.MVVMRxSwiftTests;
				PRODUCT_NAME = "$(TARGET_NAME)";
				SWIFT_VERSION = 4.2;
				TARGETED_DEVICE_FAMILY = "1,2";
				TEST_HOST = "$(BUILT_PRODUCTS_DIR)/MVVMRxSwift.app/MVVMRxSwift";
			};
			name = Release;
		};
/* End XCBuildConfiguration section */

/* Begin XCConfigurationList section */
		3998053521747979006915D2 /* Build configuration list for PBXProject "MVVMRxSwift" */ = {
			isa = XCConfigurationList;
			buildConfigurations = (
				399805552174797C006915D2 /* Debug */,
				399805562174797C006915D2 /* Release */,
			);
			defaultConfigurationIsVisible = 0;
			defaultConfigurationName = Release;
		};
		399805572174797C006915D2 /* Build configuration list for PBXNativeTarget "MVVMRxSwift" */ = {
			isa = XCConfigurationList;
			buildConfigurations = (
				399805582174797C006915D2 /* Debug */,
				399805592174797C006915D2 /* Release */,
			);
			defaultConfigurationIsVisible = 0;
			defaultConfigurationName = Release;
		};
		3998055A2174797C006915D2 /* Build configuration list for PBXNativeTarget "MVVMRxSwiftTests" */ = {
			isa = XCConfigurationList;
			buildConfigurations = (
				3998055B2174797C006915D2 /* Debug */,
				3998055C2174797C006915D2 /* Release */,
			);
			defaultConfigurationIsVisible = 0;
			defaultConfigurationName = Release;
		};
/* End XCConfigurationList section */
	};
	rootObject = 3998053221747979006915D2 /* Project object */;
}
